
Microsoft Visual Studio Solution File, Format Version 12.00
# Visual Studio Version 16
VisualStudioVersion = 16.0.30611.23
MinimumVisualStudioVersion = 10.0.40219.1
Project("{9A19103F-16F7-4668-BE54-9A1E7A4F7556}") = "ConsoleApp1", "ConsoleApp1\ConsoleApp1.csproj", "{F0DB9537-8788-44A9-8251-9FCFFF154367}"
EndProject
Project("{9A19103F-16F7-4668-BE54-9A1E7A4F7556}") = "ClassLibrary1", "ClassLibrary1\ClassLibrary1.csproj", "{C9F94A75-251F-42D1-9DC5-4B4164AB6452}"
EndProject
Project("{FAE04EC0-301F-11D3-BF4B-00C04F79EFBC}") = "ClassLibrary1.Tests", "ClassLibrary1.Tests\ClassLibrary1.Tests.csproj", "{53DCCEFA-4970-424E-B08C-747C05CE5D5D}"
EndProject
Global
	GlobalSection(SolutionConfigurationPlatforms) = preSolution
		Debug|Any CPU = Debug|Any CPU
		Release|Any CPU = Release|Any CPU
	EndGlobalSection
	GlobalSection(ProjectConfigurationPlatforms) = postSolution
		{F0DB9537-8788-44A9-8251-9FCFFF154367}.Debug|Any CPU.ActiveCfg = Debug|Any CPU
		{F0DB9537-8788-44A9-8251-9FCFFF154367}.Debug|Any CPU.Build.0 = Debug|Any CPU
		{F0DB9537-8788-44A9-8251-9FCFFF154367}.Release|Any CPU.ActiveCfg = Release|Any CPU
		{F0DB9537-8788-44A9-8251-9FCFFF154367}.Release|Any CPU.Build.0 = Release|Any CPU
		{C9F94A75-251F-42D1-9DC5-4B4164AB6452}.Debug|Any CPU.ActiveCfg = Debug|Any CPU
		{C9F94A75-251F-42D1-9DC5-4B4164AB6452}.Debug|Any CPU.Build.0 = Debug|Any CPU
		{C9F94A75-251F-42D1-9DC5-4B4164AB6452}.Release|Any CPU.ActiveCfg = Release|Any CPU
		{C9F94A75-251F-42D1-9DC5-4B4164AB6452}.Release|Any CPU.Build.0 = Release|Any CPU
		{53DCCEFA-4970-424E-B08C-747C05CE5D5D}.Debug|Any CPU.ActiveCfg = Debug|Any CPU
		{53DCCEFA-4970-424E-B08C-747C05CE5D5D}.Debug|Any CPU.Build.0 = Debug|Any CPU
		{53DCCEFA-4970-424E-B08C-747C05CE5D5D}.Release|Any CPU.ActiveCfg = Release|Any CPU
		{53DCCEFA-4970-424E-B08C-747C05CE5D5D}.Release|Any CPU.Build.0 = Release|Any CPU
	EndGlobalSection
	GlobalSection(SolutionProperties) = preSolution
		HideSolutionNode = FALSE
	EndGlobalSection
	GlobalSection(ExtensibilityGlobals) = postSolution
		SolutionGuid = {D1F16E2A-4B27-4F48-AB5F-14699F43D0CA}
	EndGlobalSection
EndGlobal
